
Microsoft Visual Studio Solution File, Format Version 12.00
# Visual Studio 2013
VisualStudioVersion = 12.0.30723.0
MinimumVisualStudioVersion = 10.0.40219.1
Project("{FAE04EC0-301F-11D3-BF4B-00C04F79EFBC}") = "RWD_Project", "RWD_Project\RWD_Project.csproj", "{93C16016-6879-4CA3-99C4-ACE7E7DC0E41}"
EndProject
Global
	GlobalSection(SolutionConfigurationPlatforms) = preSolution
		Debug|Any CPU = Debug|Any CPU
		Release|Any CPU = Release|Any CPU
	EndGlobalSection
	GlobalSection(ProjectConfigurationPlatforms) = postSolution
		{93C16016-6879-4CA3-99C4-ACE7E7DC0E41}.Debug|Any CPU.ActiveCfg = Debug|Any CPU
		{93C16016-6879-4CA3-99C4-ACE7E7DC0E41}.Debug|Any CPU.Build.0 = Debug|Any CPU
		{93C16016-6879-4CA3-99C4-ACE7E7DC0E41}.Release|Any CPU.ActiveCfg = Release|Any CPU
		{93C16016-6879-4CA3-99C4-ACE7E7DC0E41}.Release|Any CPU.Build.0 = Release|Any CPU
	EndGlobalSection
	GlobalSection(SolutionProperties) = preSolution
		HideSolutionNode = FALSE
	EndGlobalSection
EndGlobal
